
Microsoft Visual Studio Solution File, Format Version 12.00
Project("{FAE04EC0-301F-11D3-BF4B-00C04F79EFBC}") = "StrategyPattern", "StrategyPattern\StrategyPattern.csproj", "{1D8788CA-107E-46E1-AD43-5D0E0205B124}"
EndProject
Project("{FAE04EC0-301F-11D3-BF4B-00C04F79EFBC}") = "FactoryMethodPattern", "FactoryMethodPattern\FactoryMethodPattern.csproj", "{B153ABB3-2313-4CFE-9FBA-467CB2872065}"
EndProject
Global
	GlobalSection(SolutionConfigurationPlatforms) = preSolution
		Debug|Any CPU = Debug|Any CPU
		Release|Any CPU = Release|Any CPU
	EndGlobalSection
	GlobalSection(ProjectConfigurationPlatforms) = postSolution
		{1D8788CA-107E-46E1-AD43-5D0E0205B124}.Debug|Any CPU.ActiveCfg = Debug|Any CPU
		{1D8788CA-107E-46E1-AD43-5D0E0205B124}.Debug|Any CPU.Build.0 = Debug|Any CPU
		{1D8788CA-107E-46E1-AD43-5D0E0205B124}.Release|Any CPU.ActiveCfg = Release|Any CPU
		{1D8788CA-107E-46E1-AD43-5D0E0205B124}.Release|Any CPU.Build.0 = Release|Any CPU
		{B153ABB3-2313-4CFE-9FBA-467CB2872065}.Debug|Any CPU.ActiveCfg = Debug|Any CPU
		{B153ABB3-2313-4CFE-9FBA-467CB2872065}.Debug|Any CPU.Build.0 = Debug|Any CPU
		{B153ABB3-2313-4CFE-9FBA-467CB2872065}.Release|Any CPU.ActiveCfg = Release|Any CPU
		{B153ABB3-2313-4CFE-9FBA-467CB2872065}.Release|Any CPU.Build.0 = Release|Any CPU
	EndGlobalSection
EndGlobal
