
Microsoft Visual Studio Solution File, Format Version 12.00
Project("{FAE04EC0-301F-11D3-BF4B-00C04F79EFBC}") = "StrategyPattern", "StrategyPattern\StrategyPattern.csproj", "{1D8788CA-107E-46E1-AD43-5D0E0205B124}"
EndProject
Project("{FAE04EC0-301F-11D3-BF4B-00C04F79EFBC}") = "FactoryMethodPattern", "FactoryMethodPattern\FactoryMethodPattern.csproj", "{B153ABB3-2313-4CFE-9FBA-467CB2872065}"
EndProject
Project("{FAE04EC0-301F-11D3-BF4B-00C04F79EFBC}") = "TemplateMethodPattern", "TemplateMethodPattern\TemplateMethodPattern.csproj", "{CDAEF627-CF6C-4625-93F2-E7E106FD6178}"
EndProject
Project("{FAE04EC0-301F-11D3-BF4B-00C04F79EFBC}") = "DecoratorPattern", "DecoratorPattern\DecoratorPattern.csproj", "{AE9C8C5E-BF1B-4809-A712-E55277601144}"
EndProject
Project("{FAE04EC0-301F-11D3-BF4B-00C04F79EFBC}") = "CompositePattern", "CompositePattern\CompositePattern.csproj", "{2016C4B6-4D71-4D0E-B9A5-3BEB61A76DD6}"
EndProject
Project("{FAE04EC0-301F-11D3-BF4B-00C04F79EFBC}") = "AdapterPattern", "AdapterPattern\AdapterPattern.csproj", "{AA5963C9-BF13-4092-95F7-E7A945953736}"
EndProject
Project("{FAE04EC0-301F-11D3-BF4B-00C04F79EFBC}") = "SingletonClassPattern", "SingletonClassPattern\SingletonClassPattern.csproj", "{90DB02D2-6A58-492C-8A49-D1CDBD2100D6}"
EndProject
Project("{FAE04EC0-301F-11D3-BF4B-00C04F79EFBC}") = "FacadePattern", "FacadePattern\FacadePattern.csproj", "{96A2C403-1308-432E-931B-04517F671F2F}"
EndProject
Project("{FAE04EC0-301F-11D3-BF4B-00C04F79EFBC}") = "MediatorPattern", "MediatorPattern\MediatorPattern.csproj", "{56B42D9F-835A-4628-AB04-82AF49D9411A}"
EndProject
Project("{FAE04EC0-301F-11D3-BF4B-00C04F79EFBC}") = "ProxyPatterm", "ProxyPatterm\ProxyPatterm.csproj", "{8022F69C-6F0C-4923-8985-6CFC1111FB6B}"
EndProject
Project("{FAE04EC0-301F-11D3-BF4B-00C04F79EFBC}") = "CommandPattern", "CommandPattern\CommandPattern.csproj", "{9DEA1481-737E-4488-90AA-097B9D1EF812}"
EndProject
Project("{FAE04EC0-301F-11D3-BF4B-00C04F79EFBC}") = "MementoPattern", "MementoPattern\MementoPattern.csproj", "{DAAA13F8-D6DF-4EC9-9CE4-7DC2F4E93621}"
EndProject
Project("{FAE04EC0-301F-11D3-BF4B-00C04F79EFBC}") = "ObserverPattern", "ObserverPattern\ObserverPattern.csproj", "{D8D856EF-52BE-4B19-BB76-B9BE0275CDA8}"
EndProject
Project("{FAE04EC0-301F-11D3-BF4B-00C04F79EFBC}") = "PrototypePattern", "PrototypePattern\PrototypePattern.csproj", "{052019D2-62D8-40CC-B436-E77A939F1EE3}"
EndProject
Project("{FAE04EC0-301F-11D3-BF4B-00C04F79EFBC}") = "FlyWeightPattern", "FlyWeightPattern\FlyWeightPattern.csproj", "{63CE1BF3-7B52-4C64-B84C-8E9E76C969D9}"
EndProject
Global
	GlobalSection(SolutionConfigurationPlatforms) = preSolution
		Debug|Any CPU = Debug|Any CPU
		Release|Any CPU = Release|Any CPU
	EndGlobalSection
	GlobalSection(ProjectConfigurationPlatforms) = postSolution
		{1D8788CA-107E-46E1-AD43-5D0E0205B124}.Debug|Any CPU.ActiveCfg = Debug|Any CPU
		{1D8788CA-107E-46E1-AD43-5D0E0205B124}.Debug|Any CPU.Build.0 = Debug|Any CPU
		{1D8788CA-107E-46E1-AD43-5D0E0205B124}.Release|Any CPU.ActiveCfg = Release|Any CPU
		{1D8788CA-107E-46E1-AD43-5D0E0205B124}.Release|Any CPU.Build.0 = Release|Any CPU
		{B153ABB3-2313-4CFE-9FBA-467CB2872065}.Debug|Any CPU.ActiveCfg = Debug|Any CPU
		{B153ABB3-2313-4CFE-9FBA-467CB2872065}.Debug|Any CPU.Build.0 = Debug|Any CPU
		{B153ABB3-2313-4CFE-9FBA-467CB2872065}.Release|Any CPU.ActiveCfg = Release|Any CPU
		{B153ABB3-2313-4CFE-9FBA-467CB2872065}.Release|Any CPU.Build.0 = Release|Any CPU
		{CDAEF627-CF6C-4625-93F2-E7E106FD6178}.Debug|Any CPU.ActiveCfg = Debug|Any CPU
		{CDAEF627-CF6C-4625-93F2-E7E106FD6178}.Debug|Any CPU.Build.0 = Debug|Any CPU
		{CDAEF627-CF6C-4625-93F2-E7E106FD6178}.Release|Any CPU.ActiveCfg = Release|Any CPU
		{CDAEF627-CF6C-4625-93F2-E7E106FD6178}.Release|Any CPU.Build.0 = Release|Any CPU
		{AE9C8C5E-BF1B-4809-A712-E55277601144}.Debug|Any CPU.ActiveCfg = Debug|Any CPU
		{AE9C8C5E-BF1B-4809-A712-E55277601144}.Debug|Any CPU.Build.0 = Debug|Any CPU
		{AE9C8C5E-BF1B-4809-A712-E55277601144}.Release|Any CPU.ActiveCfg = Release|Any CPU
		{AE9C8C5E-BF1B-4809-A712-E55277601144}.Release|Any CPU.Build.0 = Release|Any CPU
		{2016C4B6-4D71-4D0E-B9A5-3BEB61A76DD6}.Debug|Any CPU.ActiveCfg = Debug|Any CPU
		{2016C4B6-4D71-4D0E-B9A5-3BEB61A76DD6}.Debug|Any CPU.Build.0 = Debug|Any CPU
		{2016C4B6-4D71-4D0E-B9A5-3BEB61A76DD6}.Release|Any CPU.ActiveCfg = Release|Any CPU
		{2016C4B6-4D71-4D0E-B9A5-3BEB61A76DD6}.Release|Any CPU.Build.0 = Release|Any CPU
		{AA5963C9-BF13-4092-95F7-E7A945953736}.Debug|Any CPU.ActiveCfg = Debug|Any CPU
		{AA5963C9-BF13-4092-95F7-E7A945953736}.Debug|Any CPU.Build.0 = Debug|Any CPU
		{AA5963C9-BF13-4092-95F7-E7A945953736}.Release|Any CPU.ActiveCfg = Release|Any CPU
		{AA5963C9-BF13-4092-95F7-E7A945953736}.Release|Any CPU.Build.0 = Release|Any CPU
		{90DB02D2-6A58-492C-8A49-D1CDBD2100D6}.Debug|Any CPU.ActiveCfg = Debug|Any CPU
		{90DB02D2-6A58-492C-8A49-D1CDBD2100D6}.Debug|Any CPU.Build.0 = Debug|Any CPU
		{90DB02D2-6A58-492C-8A49-D1CDBD2100D6}.Release|Any CPU.ActiveCfg = Release|Any CPU
		{90DB02D2-6A58-492C-8A49-D1CDBD2100D6}.Release|Any CPU.Build.0 = Release|Any CPU
		{96A2C403-1308-432E-931B-04517F671F2F}.Debug|Any CPU.ActiveCfg = Debug|Any CPU
		{96A2C403-1308-432E-931B-04517F671F2F}.Debug|Any CPU.Build.0 = Debug|Any CPU
		{96A2C403-1308-432E-931B-04517F671F2F}.Release|Any CPU.ActiveCfg = Release|Any CPU
		{96A2C403-1308-432E-931B-04517F671F2F}.Release|Any CPU.Build.0 = Release|Any CPU
		{56B42D9F-835A-4628-AB04-82AF49D9411A}.Debug|Any CPU.ActiveCfg = Debug|Any CPU
		{56B42D9F-835A-4628-AB04-82AF49D9411A}.Debug|Any CPU.Build.0 = Debug|Any CPU
		{56B42D9F-835A-4628-AB04-82AF49D9411A}.Release|Any CPU.ActiveCfg = Release|Any CPU
		{56B42D9F-835A-4628-AB04-82AF49D9411A}.Release|Any CPU.Build.0 = Release|Any CPU
		{8022F69C-6F0C-4923-8985-6CFC1111FB6B}.Debug|Any CPU.ActiveCfg = Debug|Any CPU
		{8022F69C-6F0C-4923-8985-6CFC1111FB6B}.Debug|Any CPU.Build.0 = Debug|Any CPU
		{8022F69C-6F0C-4923-8985-6CFC1111FB6B}.Release|Any CPU.ActiveCfg = Release|Any CPU
		{8022F69C-6F0C-4923-8985-6CFC1111FB6B}.Release|Any CPU.Build.0 = Release|Any CPU
		{9DEA1481-737E-4488-90AA-097B9D1EF812}.Debug|Any CPU.ActiveCfg = Debug|Any CPU
		{9DEA1481-737E-4488-90AA-097B9D1EF812}.Debug|Any CPU.Build.0 = Debug|Any CPU
		{9DEA1481-737E-4488-90AA-097B9D1EF812}.Release|Any CPU.ActiveCfg = Release|Any CPU
		{9DEA1481-737E-4488-90AA-097B9D1EF812}.Release|Any CPU.Build.0 = Release|Any CPU
		{DAAA13F8-D6DF-4EC9-9CE4-7DC2F4E93621}.Debug|Any CPU.ActiveCfg = Debug|Any CPU
		{DAAA13F8-D6DF-4EC9-9CE4-7DC2F4E93621}.Debug|Any CPU.Build.0 = Debug|Any CPU
		{DAAA13F8-D6DF-4EC9-9CE4-7DC2F4E93621}.Release|Any CPU.ActiveCfg = Release|Any CPU
		{DAAA13F8-D6DF-4EC9-9CE4-7DC2F4E93621}.Release|Any CPU.Build.0 = Release|Any CPU
		{D8D856EF-52BE-4B19-BB76-B9BE0275CDA8}.Debug|Any CPU.ActiveCfg = Debug|Any CPU
		{D8D856EF-52BE-4B19-BB76-B9BE0275CDA8}.Debug|Any CPU.Build.0 = Debug|Any CPU
		{D8D856EF-52BE-4B19-BB76-B9BE0275CDA8}.Release|Any CPU.ActiveCfg = Release|Any CPU
		{D8D856EF-52BE-4B19-BB76-B9BE0275CDA8}.Release|Any CPU.Build.0 = Release|Any CPU
		{052019D2-62D8-40CC-B436-E77A939F1EE3}.Debug|Any CPU.ActiveCfg = Debug|Any CPU
		{052019D2-62D8-40CC-B436-E77A939F1EE3}.Debug|Any CPU.Build.0 = Debug|Any CPU
		{052019D2-62D8-40CC-B436-E77A939F1EE3}.Release|Any CPU.ActiveCfg = Release|Any CPU
		{052019D2-62D8-40CC-B436-E77A939F1EE3}.Release|Any CPU.Build.0 = Release|Any CPU
		{63CE1BF3-7B52-4C64-B84C-8E9E76C969D9}.Debug|Any CPU.ActiveCfg = Debug|Any CPU
		{63CE1BF3-7B52-4C64-B84C-8E9E76C969D9}.Debug|Any CPU.Build.0 = Debug|Any CPU
		{63CE1BF3-7B52-4C64-B84C-8E9E76C969D9}.Release|Any CPU.ActiveCfg = Release|Any CPU
		{63CE1BF3-7B52-4C64-B84C-8E9E76C969D9}.Release|Any CPU.Build.0 = Release|Any CPU
	EndGlobalSection
EndGlobal
